
Microsoft Visual Studio Solution File, Format Version 12.00
# Visual Studio 15
VisualStudioVersion = 15.0.26728.2
MinimumVisualStudioVersion = 10.0.40219.1
Project("{9A19103F-16F7-4668-BE54-9A1E7A4F7556}") = "CodeGeneration", "CodeGeneration.csproj", "{3D0DBB1C-A8B6-4FCC-80C2-263AFD5639C8}"
EndProject
Global
	GlobalSection(SolutionConfigurationPlatforms) = preSolution
		Debug|Any CPU = Debug|Any CPU
		Release|Any CPU = Release|Any CPU
	EndGlobalSection
	GlobalSection(ProjectConfigurationPlatforms) = postSolution
		{3D0DBB1C-A8B6-4FCC-80C2-263AFD5639C8}.Debug|Any CPU.ActiveCfg = Debug|Any CPU
		{3D0DBB1C-A8B6-4FCC-80C2-263AFD5639C8}.Debug|Any CPU.Build.0 = Debug|Any CPU
		{3D0DBB1C-A8B6-4FCC-80C2-263AFD5639C8}.Release|Any CPU.ActiveCfg = Release|Any CPU
		{3D0DBB1C-A8B6-4FCC-80C2-263AFD5639C8}.Release|Any CPU.Build.0 = Release|Any CPU
	EndGlobalSection
	GlobalSection(SolutionProperties) = preSolution
		HideSolutionNode = FALSE
	EndGlobalSection
	GlobalSection(ExtensibilityGlobals) = postSolution
		SolutionGuid = {C4B6CBB2-3933-4CEB-914F-06442B9FB99E}
	EndGlobalSection
EndGlobal
